
Microsoft Visual Studio Solution File, Format Version 12.00
# Visual Studio Version 16
VisualStudioVersion = 16.0.30225.117
MinimumVisualStudioVersion = 10.0.40219.1
Project("{FAE04EC0-301F-11D3-BF4B-00C04F79EFBC}") = "AspNetMvc", "AspNetMvc.csproj", "{D332008F-AA30-4627-8D91-B8966D127B6C}"
EndProject
Global
	GlobalSection(SolutionConfigurationPlatforms) = preSolution
		Debug|Any CPU = Debug|Any CPU
		Release|Any CPU = Release|Any CPU
	EndGlobalSection
	GlobalSection(ProjectConfigurationPlatforms) = postSolution
		{D332008F-AA30-4627-8D91-B8966D127B6C}.Debug|Any CPU.ActiveCfg = Debug|Any CPU
		{D332008F-AA30-4627-8D91-B8966D127B6C}.Debug|Any CPU.Build.0 = Debug|Any CPU
		{D332008F-AA30-4627-8D91-B8966D127B6C}.Release|Any CPU.ActiveCfg = Release|Any CPU
		{D332008F-AA30-4627-8D91-B8966D127B6C}.Release|Any CPU.Build.0 = Release|Any CPU
	EndGlobalSection
	GlobalSection(SolutionProperties) = preSolution
		HideSolutionNode = FALSE
	EndGlobalSection
	GlobalSection(ExtensibilityGlobals) = postSolution
		SolutionGuid = {9487F4FB-3621-46C3-8186-BD95E49CC6C9}
	EndGlobalSection
EndGlobal
